
Microsoft Visual Studio Solution File, Format Version 12.00
# Visual Studio Version 18
VisualStudioVersion = 18.3.11520.95 d18.3
MinimumVisualStudioVersion = 10.0.40219.1
Project("{FAE04EC0-301F-11D3-BF4B-00C04F79EFBC}") = "Bookstore.Api", "Bookstore.Api.csproj", "{0E2249D8-78D5-9D03-32FC-E8F34D08F85B}"
EndProject
Global
	GlobalSection(SolutionConfigurationPlatforms) = preSolution
		Debug|Any CPU = Debug|Any CPU
		Release|Any CPU = Release|Any CPU
	EndGlobalSection
	GlobalSection(ProjectConfigurationPlatforms) = postSolution
		{0E2249D8-78D5-9D03-32FC-E8F34D08F85B}.Debug|Any CPU.ActiveCfg = Debug|Any CPU
		{0E2249D8-78D5-9D03-32FC-E8F34D08F85B}.Debug|Any CPU.Build.0 = Debug|Any CPU
		{0E2249D8-78D5-9D03-32FC-E8F34D08F85B}.Release|Any CPU.ActiveCfg = Release|Any CPU
		{0E2249D8-78D5-9D03-32FC-E8F34D08F85B}.Release|Any CPU.Build.0 = Release|Any CPU
	EndGlobalSection
	GlobalSection(SolutionProperties) = preSolution
		HideSolutionNode = FALSE
	EndGlobalSection
	GlobalSection(ExtensibilityGlobals) = postSolution
		SolutionGuid = {1DB8C6B4-1DE9-4F4D-A3AF-BC4A04E45388}
	EndGlobalSection
EndGlobal
